{
  "name": "rs-cross-spawn",
  "version": "0.1.4",
  "lockfileVersion": 3,
  "requires": true,
  "packages": {
    "": {
      "name": "rs-cross-spawn",
      "version": "0.1.4",
      "license": "MIT",
      "devDependencies": {
        "@napi-rs/cli": "^2.18.0"
      },
      "optionalDependencies": {
        "@rs-cross-spawn/android-arm-eabi": "0.1.4",
        "@rs-cross-spawn/android-arm64": "0.1.4",
        "@rs-cross-spawn/darwin-arm64": "0.1.4",
        "@rs-cross-spawn/darwin-universal": "0.1.4",
        "@rs-cross-spawn/darwin-x64": "0.1.4",
        "@rs-cross-spawn/freebsd-x64": "0.1.4",
        "@rs-cross-spawn/linux-arm-gnueabihf": "0.1.4",
        "@rs-cross-spawn/linux-arm64-gnu": "0.1.4",
        "@rs-cross-spawn/linux-riscv64-gnu": "0.1.4",
        "@rs-cross-spawn/linux-riscv64-musl": "0.1.4",
        "@rs-cross-spawn/linux-s390x-gnu": "0.1.4",
        "@rs-cross-spawn/linux-x64-gnu": "0.1.4",
        "@rs-cross-spawn/linux-x64-musl": "0.1.4",
        "@rs-cross-spawn/win32-arm64-msvc": "0.1.4",
        "@rs-cross-spawn/win32-ia32-msvc": "0.1.4",
        "@rs-cross-spawn/win32-x64-msvc": "0.1.4"
      }
    },
    "node_modules/@napi-rs/cli": {
      "version": "2.18.4",
      "dev": true,
      "license": "MIT",
      "bin": {
        "napi": "scripts/index.js"
      },
      "engines": {
        "node": ">= 10"
      },
      "funding": {
        "type": "github",
        "url": "https://github.com/sponsors/Brooooooklyn"
      }
    },
    "node_modules/@rs-cross-spawn/android-arm-eabi": {
      "optional": true
    },
    "node_modules/@rs-cross-spawn/android-arm64": {
      "optional": true
    },
    "node_modules/@rs-cross-spawn/darwin-arm64": {
      "optional": true
    },
    "node_modules/@rs-cross-spawn/darwin-universal": {
      "optional": true
    },
    "node_modules/@rs-cross-spawn/darwin-x64": {
      "optional": true
    },
    "node_modules/@rs-cross-spawn/freebsd-x64": {
      "optional": true
    },
    "node_modules/@rs-cross-spawn/linux-arm-gnueabihf": {
      "optional": true
    },
    "node_modules/@rs-cross-spawn/linux-arm64-gnu": {
      "optional": true
    },
    "node_modules/@rs-cross-spawn/linux-riscv64-gnu": {
      "optional": true
    },
    "node_modules/@rs-cross-spawn/linux-riscv64-musl": {
      "optional": true
    },
    "node_modules/@rs-cross-spawn/linux-s390x-gnu": {
      "optional": true
    },
    "node_modules/@rs-cross-spawn/linux-x64-gnu": {
      "optional": true
    },
    "node_modules/@rs-cross-spawn/linux-x64-musl": {
      "optional": true
    },
    "node_modules/@rs-cross-spawn/win32-arm64-msvc": {
      "optional": true
    },
    "node_modules/@rs-cross-spawn/win32-ia32-msvc": {
      "optional": true
    },
    "node_modules/@rs-cross-spawn/win32-x64-msvc": {
      "optional": true
    }
  }
}
